# This file is autogenerated, do not edit; changes may be undone by the next 'dep ensure'.


[[projects]]
  branch = "master"
  name = "github.com/GiterLab/aliyun-sms-go-sdk"
  packages = ["dysms"]
  revision = "fcc9f11de968b3470ec55298e8a7f8f21588cd21"

[[projects]]
  branch = "master"
  name = "github.com/GiterLab/urllib"
  packages = ["."]
  revision = "ea0e875f90303d1469067f22ccda69f903380a87"

[[projects]]
  branch = "master"
  name = "github.com/PuerkitoBio/goquery"
  packages = ["."]
  revision = "1a71cc719d0d5b9e4f14ae072bef08b576b0bab5"

[[projects]]
  branch = "master"
  name = "github.com/andybalholm/cascadia"
  packages = ["."]
  revision = "349dd0209470eabd9514242c688c403c0926d266"

[[projects]]
  name = "github.com/fatih/structs"
  packages = ["."]
  revision = "a9f7daa9c2729e97450c2da2feda19130a367d8f"

[[projects]]
  name = "github.com/hashicorp/go-multierror"
  packages = ["."]
  revision = "56912fb08d85084aa318edcf2bba735b97cf35c5"

[[projects]]
  branch = "master"
  name = "github.com/moul/http2curl"
  packages = ["."]
  revision = "9ac6cf4d929b2fa8fd2d2e6dec5bb0feb4f4911d"

[[projects]]
  branch = "develop"
  name = "github.com/parnurzeal/gorequest"
  packages = ["."]
  revision = "8e3aed27fe49f7fdc765dad067845f600fc984e8"

[[projects]]
  name = "github.com/pkg/errors"
  packages = ["."]
  revision = "248dadf4e9068a0b3e79f02ed0a610d935de5302"

[[projects]]
  branch = "master"
  name = "github.com/tobyzxj/uuid"
  packages = ["."]
  revision = "aa0153c14395f4431fe668071eeda5d4a0290f95"

[[projects]]
  branch = "master"
  name = "github.com/urfave/cli"
  packages = ["."]
  revision = "803d0665796d3b09d3190067803fc285d1604732"

[[projects]]
  name = "github.com/yudai/gotty"
  packages = ["pkg/homedir"]
  revision = "a080c85cbc59226c94c6941ad8c395232d72d517"
  version = "v2.0.0-alpha.3"

[[projects]]
  name = "github.com/yudai/hcl"
  packages = [".","hcl","json"]
  revision = "5fa2393b3552119bf33a69adb1402a1160cba23d"

[[projects]]
  branch = "master"
  name = "golang.org/x/net"
  packages = ["html","html/atom","idna","publicsuffix"]
  revision = "57065200b4b034a1c8ad54ff77069408c2218ae6"

[[projects]]
  branch = "master"
  name = "golang.org/x/text"
  packages = ["collate","collate/build","internal/colltab","internal/gen","internal/tag","internal/triegen","internal/ucd","language","secure/bidirule","transform","unicode/bidi","unicode/cldr","unicode/norm","unicode/rangetable"]
  revision = "4e4a3210bb54bb31f6ab2cdca2edcc0b50c420c1"

[[projects]]
  branch = "v2"
  name = "gopkg.in/yaml.v2"
  packages = ["."]
  revision = "287cf08546ab5e7e37d55a84f7ed3fd1db036de5"

[solve-meta]
  analyzer-name = "dep"
  analyzer-version = 1
  inputs-digest = "d94f91347543c6267abcf6aeb1c42d4adc39c2d85d6de5ab92ec3210413174bd"
  solver-name = "gps-cdcl"
  solver-version = 1
